
Microsoft Visual Studio Solution File, Format Version 12.00
# Visual Studio Version 17
VisualStudioVersion = 17.13.35806.99 d17.13
MinimumVisualStudioVersion = 10.0.40219.1
Project("{FAE04EC0-301F-11D3-BF4B-00C04F79EFBC}") = "rick_forms", "rick_forms\rick_forms.csproj", "{ED28853D-310B-45F4-ACCD-AA1BD3C4766F}"
EndProject
Global
	GlobalSection(SolutionConfigurationPlatforms) = preSolution
		Debug|Any CPU = Debug|Any CPU
		Release|Any CPU = Release|Any CPU
	EndGlobalSection
	GlobalSection(ProjectConfigurationPlatforms) = postSolution
		{ED28853D-310B-45F4-ACCD-AA1BD3C4766F}.Debug|Any CPU.ActiveCfg = Debug|Any CPU
		{ED28853D-310B-45F4-ACCD-AA1BD3C4766F}.Debug|Any CPU.Build.0 = Debug|Any CPU
		{ED28853D-310B-45F4-ACCD-AA1BD3C4766F}.Release|Any CPU.ActiveCfg = Release|Any CPU
		{ED28853D-310B-45F4-ACCD-AA1BD3C4766F}.Release|Any CPU.Build.0 = Release|Any CPU
	EndGlobalSection
	GlobalSection(SolutionProperties) = preSolution
		HideSolutionNode = FALSE
	EndGlobalSection
	GlobalSection(ExtensibilityGlobals) = postSolution
		SolutionGuid = {26F457EB-09D2-4DB0-9417-32276B81D7E1}
	EndGlobalSection
EndGlobal
